// !$*UTF8*$!
{
	archiveVersion = 1;
	classes = {
	};
	objectVersion = 56;
	objects = {

/* Begin PBXBuildFile section */
		A10000000000000000000001 /* KPSSKartlarApp.swift in Sources */ = {isa = PBXBuildFile; fileRef = A20000000000000000000001 /* KPSSKartlarApp.swift */; };
		A10000000000000000000002 /* RootTabView.swift in Sources */ = {isa = PBXBuildFile; fileRef = A20000000000000000000002 /* RootTabView.swift */; };
		A10000000000000000000003 /* Course.swift in Sources */ = {isa = PBXBuildFile; fileRef = A20000000000000000000003 /* Course.swift */; };
		A10000000000000000000004 /* Flashcard.swift in Sources */ = {isa = PBXBuildFile; fileRef = A20000000000000000000004 /* Flashcard.swift */; };
		A10000000000000000000005 /* StudyController.swift in Sources */ = {isa = PBXBuildFile; fileRef = A20000000000000000000005 /* StudyController.swift */; };
		A10000000000000000000006 /* SeedData.swift in Sources */ = {isa = PBXBuildFile; fileRef = A20000000000000000000006 /* SeedData.swift */; };
		A10000000000000000000007 /* AppTheme.swift in Sources */ = {isa = PBXBuildFile; fileRef = A20000000000000000000007 /* AppTheme.swift */; };
		A10000000000000000000008 /* CourseProgressRow.swift in Sources */ = {isa = PBXBuildFile; fileRef = A20000000000000000000008 /* CourseProgressRow.swift */; };
		A10000000000000000000009 /* HomeView.swift in Sources */ = {isa = PBXBuildFile; fileRef = A20000000000000000000009 /* HomeView.swift */; };
		A10000000000000000000010 /* CourseLibraryView.swift in Sources */ = {isa = PBXBuildFile; fileRef = A20000000000000000000010 /* CourseLibraryView.swift */; };
		A10000000000000000000011 /* CourseDeckView.swift in Sources */ = {isa = PBXBuildFile; fileRef = A20000000000000000000011 /* CourseDeckView.swift */; };
		A10000000000000000000012 /* AddCourseSheet.swift in Sources */ = {isa = PBXBuildFile; fileRef = A20000000000000000000012 /* AddCourseSheet.swift */; };
		A10000000000000000000013 /* CardListRow.swift in Sources */ = {isa = PBXBuildFile; fileRef = A20000000000000000000013 /* CardListRow.swift */; };
		A10000000000000000000014 /* AddCardSheet.swift in Sources */ = {isa = PBXBuildFile; fileRef = A20000000000000000000014 /* AddCardSheet.swift */; };
		A10000000000000000000015 /* EditCardSheet.swift in Sources */ = {isa = PBXBuildFile; fileRef = A20000000000000000000015 /* EditCardSheet.swift */; };
		A10000000000000000000016 /* StudyDeckView.swift in Sources */ = {isa = PBXBuildFile; fileRef = A20000000000000000000016 /* StudyDeckView.swift */; };
		A10000000000000000000017 /* StudyCard.swift in Sources */ = {isa = PBXBuildFile; fileRef = A20000000000000000000017 /* StudyCard.swift */; };
		A10000000000000000000018 /* CardFace.swift in Sources */ = {isa = PBXBuildFile; fileRef = A20000000000000000000018 /* CardFace.swift */; };
		A10000000000000000000019 /* DeckActionButton.swift in Sources */ = {isa = PBXBuildFile; fileRef = A20000000000000000000019 /* DeckActionButton.swift */; };
		A10000000000000000000020 /* ProgressScreen.swift in Sources */ = {isa = PBXBuildFile; fileRef = A20000000000000000000020 /* ProgressScreen.swift */; };
		A10000000000000000000021 /* Assets.xcassets in Resources */ = {isa = PBXBuildFile; fileRef = A20000000000000000000021 /* Assets.xcassets */; };
		A10000000000000000000023 /* KnownCardsView.swift in Sources */ = {isa = PBXBuildFile; fileRef = A20000000000000000000023 /* KnownCardsView.swift */; };
		A10000000000000000000024 /* StudySessionSetupSheet.swift in Sources */ = {isa = PBXBuildFile; fileRef = A20000000000000000000024 /* StudySessionSetupSheet.swift */; };
		A10000000000000000000025 /* CourseIcon.swift in Sources */ = {isa = PBXBuildFile; fileRef = A20000000000000000000025 /* CourseIcon.swift */; };
		A10000000000000000000026 /* EmojiPicker.swift in Sources */ = {isa = PBXBuildFile; fileRef = A20000000000000000000026 /* EmojiPicker.swift */; };
/* End PBXBuildFile section */

/* Begin PBXFileReference section */
		A20000000000000000000001 /* KPSSKartlarApp.swift */ = {isa = PBXFileReference; lastKnownFileType = sourcecode.swift; path = KPSSKartlarApp.swift; sourceTree = "<group>"; };
		A20000000000000000000002 /* RootTabView.swift */ = {isa = PBXFileReference; lastKnownFileType = sourcecode.swift; path = RootTabView.swift; sourceTree = "<group>"; };
		A20000000000000000000003 /* Course.swift */ = {isa = PBXFileReference; lastKnownFileType = sourcecode.swift; path = Course.swift; sourceTree = "<group>"; };
		A20000000000000000000004 /* Flashcard.swift */ = {isa = PBXFileReference; lastKnownFileType = sourcecode.swift; path = Flashcard.swift; sourceTree = "<group>"; };
		A20000000000000000000005 /* StudyController.swift */ = {isa = PBXFileReference; lastKnownFileType = sourcecode.swift; path = StudyController.swift; sourceTree = "<group>"; };
		A20000000000000000000006 /* SeedData.swift */ = {isa = PBXFileReference; lastKnownFileType = sourcecode.swift; path = SeedData.swift; sourceTree = "<group>"; };
		A20000000000000000000007 /* AppTheme.swift */ = {isa = PBXFileReference; lastKnownFileType = sourcecode.swift; path = AppTheme.swift; sourceTree = "<group>"; };
		A20000000000000000000008 /* CourseProgressRow.swift */ = {isa = PBXFileReference; lastKnownFileType = sourcecode.swift; path = CourseProgressRow.swift; sourceTree = "<group>"; };
		A20000000000000000000009 /* HomeView.swift */ = {isa = PBXFileReference; lastKnownFileType = sourcecode.swift; path = HomeView.swift; sourceTree = "<group>"; };
		A20000000000000000000010 /* CourseLibraryView.swift */ = {isa = PBXFileReference; lastKnownFileType = sourcecode.swift; path = CourseLibraryView.swift; sourceTree = "<group>"; };
		A20000000000000000000011 /* CourseDeckView.swift */ = {isa = PBXFileReference; lastKnownFileType = sourcecode.swift; path = CourseDeckView.swift; sourceTree = "<group>"; };
		A20000000000000000000012 /* AddCourseSheet.swift */ = {isa = PBXFileReference; lastKnownFileType = sourcecode.swift; path = AddCourseSheet.swift; sourceTree = "<group>"; };
		A20000000000000000000013 /* CardListRow.swift */ = {isa = PBXFileReference; lastKnownFileType = sourcecode.swift; path = CardListRow.swift; sourceTree = "<group>"; };
		A20000000000000000000014 /* AddCardSheet.swift */ = {isa = PBXFileReference; lastKnownFileType = sourcecode.swift; path = AddCardSheet.swift; sourceTree = "<group>"; };
		A20000000000000000000015 /* EditCardSheet.swift */ = {isa = PBXFileReference; lastKnownFileType = sourcecode.swift; path = EditCardSheet.swift; sourceTree = "<group>"; };
		A20000000000000000000016 /* StudyDeckView.swift */ = {isa = PBXFileReference; lastKnownFileType = sourcecode.swift; path = StudyDeckView.swift; sourceTree = "<group>"; };
		A20000000000000000000017 /* StudyCard.swift */ = {isa = PBXFileReference; lastKnownFileType = sourcecode.swift; path = StudyCard.swift; sourceTree = "<group>"; };
		A20000000000000000000018 /* CardFace.swift */ = {isa = PBXFileReference; lastKnownFileType = sourcecode.swift; path = CardFace.swift; sourceTree = "<group>"; };
		A20000000000000000000019 /* DeckActionButton.swift */ = {isa = PBXFileReference; lastKnownFileType = sourcecode.swift; path = DeckActionButton.swift; sourceTree = "<group>"; };
		A20000000000000000000020 /* ProgressScreen.swift */ = {isa = PBXFileReference; lastKnownFileType = sourcecode.swift; path = ProgressScreen.swift; sourceTree = "<group>"; };
		A20000000000000000000021 /* Assets.xcassets */ = {isa = PBXFileReference; lastKnownFileType = folder.assetcatalog; path = Assets.xcassets; sourceTree = "<group>"; };
		A20000000000000000000022 /* KPSSKartlar.app */ = {isa = PBXFileReference; explicitFileType = wrapper.application; includeInIndex = 0; path = KPSSKartlar.app; sourceTree = BUILT_PRODUCTS_DIR; };
		A20000000000000000000023 /* KnownCardsView.swift */ = {isa = PBXFileReference; lastKnownFileType = sourcecode.swift; path = KnownCardsView.swift; sourceTree = "<group>"; };
		A20000000000000000000024 /* StudySessionSetupSheet.swift */ = {isa = PBXFileReference; lastKnownFileType = sourcecode.swift; path = StudySessionSetupSheet.swift; sourceTree = "<group>"; };
		A20000000000000000000025 /* CourseIcon.swift */ = {isa = PBXFileReference; lastKnownFileType = sourcecode.swift; path = CourseIcon.swift; sourceTree = "<group>"; };
		A20000000000000000000026 /* EmojiPicker.swift */ = {isa = PBXFileReference; lastKnownFileType = sourcecode.swift; path = EmojiPicker.swift; sourceTree = "<group>"; };
/* End PBXFileReference section */

/* Begin PBXFrameworksBuildPhase section */
		A40000000000000000000002 /* Frameworks */ = {
			isa = PBXFrameworksBuildPhase;
			buildActionMask = 2147483647;
			files = (
			);
			runOnlyForDeploymentPostprocessing = 0;
		};
/* End PBXFrameworksBuildPhase section */

/* Begin PBXGroup section */
		A30000000000000000000001 /* KPSSKartlar */ = {
			isa = PBXGroup;
			children = (
				A30000000000000000000004 /* App */,
				A30000000000000000000005 /* Models */,
				A30000000000000000000006 /* Controllers */,
				A30000000000000000000007 /* Data */,
				A30000000000000000000008 /* Views */,
				A30000000000000000000009 /* Resources */,
			);
			path = KPSSKartlar;
			sourceTree = "<group>";
		};
		A30000000000000000000002 = {
			isa = PBXGroup;
			children = (
				A30000000000000000000001 /* KPSSKartlar */,
				A30000000000000000000003 /* Products */,
			);
			sourceTree = "<group>";
		};
		A30000000000000000000003 /* Products */ = {
			isa = PBXGroup;
			children = (
				A20000000000000000000022 /* KPSSKartlar.app */,
			);
			name = Products;
			sourceTree = "<group>";
		};
		A30000000000000000000004 /* App */ = {
			isa = PBXGroup;
			children = (
				A20000000000000000000001 /* KPSSKartlarApp.swift */,
				A20000000000000000000002 /* RootTabView.swift */,
			);
			path = App;
			sourceTree = "<group>";
		};
		A30000000000000000000005 /* Models */ = {
			isa = PBXGroup;
			children = (
				A20000000000000000000003 /* Course.swift */,
				A20000000000000000000004 /* Flashcard.swift */,
			);
			path = Models;
			sourceTree = "<group>";
		};
		A30000000000000000000006 /* Controllers */ = {
			isa = PBXGroup;
			children = (
				A20000000000000000000005 /* StudyController.swift */,
			);
			path = Controllers;
			sourceTree = "<group>";
		};
		A30000000000000000000007 /* Data */ = {
			isa = PBXGroup;
			children = (
				A20000000000000000000006 /* SeedData.swift */,
			);
			path = Data;
			sourceTree = "<group>";
		};
		A30000000000000000000008 /* Views */ = {
			isa = PBXGroup;
			children = (
				A30000000000000000000010 /* Shared */,
				A30000000000000000000011 /* Home */,
				A30000000000000000000012 /* Courses */,
				A30000000000000000000013 /* Cards */,
				A30000000000000000000014 /* Study */,
				A30000000000000000000015 /* Progress */,
				A30000000000000000000016 /* Learned */,
			);
			path = Views;
			sourceTree = "<group>";
		};
		A30000000000000000000009 /* Resources */ = {
			isa = PBXGroup;
			children = (
				A20000000000000000000021 /* Assets.xcassets */,
			);
			path = Resources;
			sourceTree = "<group>";
		};
		A30000000000000000000010 /* Shared */ = {
			isa = PBXGroup;
			children = (
				A20000000000000000000007 /* AppTheme.swift */,
				A20000000000000000000008 /* CourseProgressRow.swift */,
				A20000000000000000000025 /* CourseIcon.swift */,
				A20000000000000000000026 /* EmojiPicker.swift */,
			);
			path = Shared;
			sourceTree = "<group>";
		};
		A30000000000000000000011 /* Home */ = {
			isa = PBXGroup;
			children = (
				A20000000000000000000009 /* HomeView.swift */,
			);
			path = Home;
			sourceTree = "<group>";
		};
		A30000000000000000000012 /* Courses */ = {
			isa = PBXGroup;
			children = (
				A20000000000000000000010 /* CourseLibraryView.swift */,
				A20000000000000000000011 /* CourseDeckView.swift */,
				A20000000000000000000012 /* AddCourseSheet.swift */,
			);
			path = Courses;
			sourceTree = "<group>";
		};
		A30000000000000000000013 /* Cards */ = {
			isa = PBXGroup;
			children = (
				A20000000000000000000013 /* CardListRow.swift */,
				A20000000000000000000014 /* AddCardSheet.swift */,
				A20000000000000000000015 /* EditCardSheet.swift */,
			);
			path = Cards;
			sourceTree = "<group>";
		};
		A30000000000000000000014 /* Study */ = {
			isa = PBXGroup;
			children = (
				A20000000000000000000016 /* StudyDeckView.swift */,
				A20000000000000000000017 /* StudyCard.swift */,
				A20000000000000000000018 /* CardFace.swift */,
				A20000000000000000000019 /* DeckActionButton.swift */,
				A20000000000000000000024 /* StudySessionSetupSheet.swift */,
			);
			path = Study;
			sourceTree = "<group>";
		};
		A30000000000000000000015 /* Progress */ = {
			isa = PBXGroup;
			children = (
				A20000000000000000000020 /* ProgressScreen.swift */,
			);
			path = Progress;
			sourceTree = "<group>";
		};
		A30000000000000000000016 /* Learned */ = {
			isa = PBXGroup;
			children = (
				A20000000000000000000023 /* KnownCardsView.swift */,
			);
			path = Learned;
			sourceTree = "<group>";
		};
/* End PBXGroup section */

/* Begin PBXNativeTarget section */
		A50000000000000000000001 /* KPSSKartlar */ = {
			isa = PBXNativeTarget;
			buildConfigurationList = A60000000000000000000003 /* Build configuration list for PBXNativeTarget "KPSSKartlar" */;
			buildPhases = (
				A40000000000000000000001 /* Sources */,
				A40000000000000000000002 /* Frameworks */,
				A40000000000000000000003 /* Resources */,
			);
			buildRules = (
			);
			dependencies = (
			);
			name = KPSSKartlar;
			productName = KPSSKartlar;
			productReference = A20000000000000000000022 /* KPSSKartlar.app */;
			productType = "com.apple.product-type.application";
		};
/* End PBXNativeTarget section */

/* Begin PBXProject section */
		A70000000000000000000001 /* Project object */ = {
			isa = PBXProject;
			attributes = {
				BuildIndependentTargetsInParallel = 1;
				LastSwiftUpdateCheck = 1620;
				LastUpgradeCheck = 1620;
				TargetAttributes = {
					A50000000000000000000001 = {
						CreatedOnToolsVersion = 16.2;
					};
				};
			};
			buildConfigurationList = A60000000000000000000001 /* Build configuration list for PBXProject "KPSSKartlar" */;
			compatibilityVersion = "Xcode 14.0";
			developmentRegion = en;
			hasScannedForEncodings = 0;
			knownRegions = (
				en,
				Base,
				tr,
			);
			mainGroup = A30000000000000000000002;
			productRefGroup = A30000000000000000000003 /* Products */;
			projectDirPath = "";
			projectRoot = "";
			targets = (
				A50000000000000000000001 /* KPSSKartlar */,
			);
		};
/* End PBXProject section */

/* Begin PBXResourcesBuildPhase section */
		A40000000000000000000003 /* Resources */ = {
			isa = PBXResourcesBuildPhase;
			buildActionMask = 2147483647;
			files = (
				A10000000000000000000021 /* Assets.xcassets in Resources */,
			);
			runOnlyForDeploymentPostprocessing = 0;
		};
/* End PBXResourcesBuildPhase section */

/* Begin PBXSourcesBuildPhase section */
		A40000000000000000000001 /* Sources */ = {
			isa = PBXSourcesBuildPhase;
			buildActionMask = 2147483647;
			files = (
				A10000000000000000000001 /* KPSSKartlarApp.swift in Sources */,
				A10000000000000000000002 /* RootTabView.swift in Sources */,
				A10000000000000000000003 /* Course.swift in Sources */,
				A10000000000000000000004 /* Flashcard.swift in Sources */,
				A10000000000000000000005 /* StudyController.swift in Sources */,
				A10000000000000000000006 /* SeedData.swift in Sources */,
				A10000000000000000000007 /* AppTheme.swift in Sources */,
				A10000000000000000000008 /* CourseProgressRow.swift in Sources */,
				A10000000000000000000009 /* HomeView.swift in Sources */,
				A10000000000000000000010 /* CourseLibraryView.swift in Sources */,
				A10000000000000000000011 /* CourseDeckView.swift in Sources */,
				A10000000000000000000012 /* AddCourseSheet.swift in Sources */,
				A10000000000000000000013 /* CardListRow.swift in Sources */,
				A10000000000000000000014 /* AddCardSheet.swift in Sources */,
				A10000000000000000000015 /* EditCardSheet.swift in Sources */,
				A10000000000000000000016 /* StudyDeckView.swift in Sources */,
				A10000000000000000000017 /* StudyCard.swift in Sources */,
				A10000000000000000000018 /* CardFace.swift in Sources */,
				A10000000000000000000019 /* DeckActionButton.swift in Sources */,
				A10000000000000000000020 /* ProgressScreen.swift in Sources */,
				A10000000000000000000023 /* KnownCardsView.swift in Sources */,
				A10000000000000000000024 /* StudySessionSetupSheet.swift in Sources */,
				A10000000000000000000025 /* CourseIcon.swift in Sources */,
				A10000000000000000000026 /* EmojiPicker.swift in Sources */,
			);
			runOnlyForDeploymentPostprocessing = 0;
		};
/* End PBXSourcesBuildPhase section */

/* Begin XCBuildConfiguration section */
		A60000000000000000000002 /* Debug */ = {
			isa = XCBuildConfiguration;
			buildSettings = {
				ALWAYS_SEARCH_USER_PATHS = NO;
				CLANG_ENABLE_MODULES = YES;
				CLANG_ENABLE_OBJC_ARC = YES;
				CLANG_WARN_DOCUMENTATION_COMMENTS = YES;
				COPY_PHASE_STRIP = NO;
				DEBUG_INFORMATION_FORMAT = dwarf;
				ENABLE_TESTABILITY = YES;
				GCC_C_LANGUAGE_STANDARD = gnu17;
				GCC_NO_COMMON_BLOCKS = YES;
				SWIFT_VERSION = 5.0;
			};
			name = Debug;
		};
		A60000000000000000000004 /* Release */ = {
			isa = XCBuildConfiguration;
			buildSettings = {
				ALWAYS_SEARCH_USER_PATHS = NO;
				CLANG_ENABLE_MODULES = YES;
				CLANG_ENABLE_OBJC_ARC = YES;
				CLANG_WARN_DOCUMENTATION_COMMENTS = YES;
				COPY_PHASE_STRIP = YES;
				DEBUG_INFORMATION_FORMAT = "dwarf-with-dsym";
				GCC_C_LANGUAGE_STANDARD = gnu17;
				GCC_NO_COMMON_BLOCKS = YES;
				SWIFT_COMPILATION_MODE = wholemodule;
				SWIFT_VERSION = 5.0;
			};
			name = Release;
		};
		A60000000000000000000005 /* Debug */ = {
			isa = XCBuildConfiguration;
			buildSettings = {
				ASSETCATALOG_COMPILER_APPICON_NAME = AppIcon;
				CODE_SIGN_STYLE = Automatic;
				CURRENT_PROJECT_VERSION = 4;
				DEVELOPMENT_ASSET_PATHS = "";
				DEVELOPMENT_TEAM = K89SKHBN94;
				ENABLE_PREVIEWS = YES;
				GENERATE_INFOPLIST_FILE = YES;
				INFOPLIST_KEY_CFBundleDisplayName = "KPSS Kartlar";
				INFOPLIST_KEY_ITSAppUsesNonExemptEncryption = NO;
				INFOPLIST_KEY_LSApplicationCategoryType = "public.app-category.education";
				INFOPLIST_KEY_UILaunchScreen_Generation = YES;
				INFOPLIST_KEY_UISupportedInterfaceOrientations = "UIInterfaceOrientationLandscapeLeft UIInterfaceOrientationLandscapeRight UIInterfaceOrientationPortrait UIInterfaceOrientationPortraitUpsideDown";
				INFOPLIST_KEY_UISupportedInterfaceOrientations_iPad = UIInterfaceOrientationPortrait;
				IPHONEOS_DEPLOYMENT_TARGET = 17.0;
				LD_RUNPATH_SEARCH_PATHS = (
					"$(inherited)",
					"@executable_path/Frameworks",
				);
				MARKETING_VERSION = 1.0;
				PRODUCT_BUNDLE_IDENTIFIER = com.humeyrasaym.kpsskartlar;
				PRODUCT_NAME = "$(TARGET_NAME)";
				SUPPORTED_PLATFORMS = "iphoneos iphonesimulator";
				SUPPORTS_MACCATALYST = NO;
				SWIFT_EMIT_LOC_STRINGS = YES;
				SWIFT_STRICT_CONCURRENCY = complete;
				SWIFT_VERSION = 5.0;
				TARGETED_DEVICE_FAMILY = 1;
			};
			name = Debug;
		};
		A60000000000000000000006 /* Release */ = {
			isa = XCBuildConfiguration;
			buildSettings = {
				ASSETCATALOG_COMPILER_APPICON_NAME = AppIcon;
				CODE_SIGN_STYLE = Automatic;
				CURRENT_PROJECT_VERSION = 4;
				DEVELOPMENT_ASSET_PATHS = "";
				DEVELOPMENT_TEAM = K89SKHBN94;
				ENABLE_PREVIEWS = YES;
				GENERATE_INFOPLIST_FILE = YES;
				INFOPLIST_KEY_CFBundleDisplayName = "KPSS Kartlar";
				INFOPLIST_KEY_ITSAppUsesNonExemptEncryption = NO;
				INFOPLIST_KEY_LSApplicationCategoryType = "public.app-category.education";
				INFOPLIST_KEY_UILaunchScreen_Generation = YES;
				INFOPLIST_KEY_UISupportedInterfaceOrientations = "UIInterfaceOrientationLandscapeLeft UIInterfaceOrientationLandscapeRight UIInterfaceOrientationPortrait UIInterfaceOrientationPortraitUpsideDown";
				INFOPLIST_KEY_UISupportedInterfaceOrientations_iPad = UIInterfaceOrientationPortrait;
				IPHONEOS_DEPLOYMENT_TARGET = 17.0;
				LD_RUNPATH_SEARCH_PATHS = (
					"$(inherited)",
					"@executable_path/Frameworks",
				);
				MARKETING_VERSION = 1.0;
				PRODUCT_BUNDLE_IDENTIFIER = com.humeyrasaym.kpsskartlar;
				PRODUCT_NAME = "$(TARGET_NAME)";
				SUPPORTED_PLATFORMS = "iphoneos iphonesimulator";
				SUPPORTS_MACCATALYST = NO;
				SWIFT_EMIT_LOC_STRINGS = YES;
				SWIFT_STRICT_CONCURRENCY = complete;
				SWIFT_VERSION = 5.0;
				TARGETED_DEVICE_FAMILY = 1;
			};
			name = Release;
		};
/* End XCBuildConfiguration section */

/* Begin XCConfigurationList section */
		A60000000000000000000001 /* Build configuration list for PBXProject "KPSSKartlar" */ = {
			isa = XCConfigurationList;
			buildConfigurations = (
				A60000000000000000000002 /* Debug */,
				A60000000000000000000004 /* Release */,
			);
			defaultConfigurationIsVisible = 0;
			defaultConfigurationName = Release;
		};
		A60000000000000000000003 /* Build configuration list for PBXNativeTarget "KPSSKartlar" */ = {
			isa = XCConfigurationList;
			buildConfigurations = (
				A60000000000000000000005 /* Debug */,
				A60000000000000000000006 /* Release */,
			);
			defaultConfigurationIsVisible = 0;
			defaultConfigurationName = Release;
		};
/* End XCConfigurationList section */
	};
	rootObject = A70000000000000000000001 /* Project object */;
}
